
Microsoft Visual Studio Solution File, Format Version 12.00
# Visual Studio Version 17
VisualStudioVersion = 17.3.32901.215
MinimumVisualStudioVersion = 10.0.40219.1
Project("{9A19103F-16F7-4668-BE54-9A1E7A4F7556}") = "BankiSzolgaltatasok", "BankiSzolgaltatasok\BankiSzolgaltatasok.csproj", "{0EADB9B8-5548-41D8-BD67-A70BF62EC424}"
EndProject
Project("{FAE04EC0-301F-11D3-BF4B-00C04F79EFBC}") = "TestBankiSzolgaltatasok", "TestBankiSzolgaltatasok\TestBankiSzolgaltatasok.csproj", "{1B4F1087-E99E-4CE3-82F9-CFE299DCB2B1}"
EndProject
Global
	GlobalSection(SolutionConfigurationPlatforms) = preSolution
		Debug|Any CPU = Debug|Any CPU
		Release|Any CPU = Release|Any CPU
	EndGlobalSection
	GlobalSection(ProjectConfigurationPlatforms) = postSolution
		{0EADB9B8-5548-41D8-BD67-A70BF62EC424}.Debug|Any CPU.ActiveCfg = Debug|Any CPU
		{0EADB9B8-5548-41D8-BD67-A70BF62EC424}.Debug|Any CPU.Build.0 = Debug|Any CPU
		{0EADB9B8-5548-41D8-BD67-A70BF62EC424}.Release|Any CPU.ActiveCfg = Release|Any CPU
		{0EADB9B8-5548-41D8-BD67-A70BF62EC424}.Release|Any CPU.Build.0 = Release|Any CPU
		{1B4F1087-E99E-4CE3-82F9-CFE299DCB2B1}.Debug|Any CPU.ActiveCfg = Debug|Any CPU
		{1B4F1087-E99E-4CE3-82F9-CFE299DCB2B1}.Debug|Any CPU.Build.0 = Debug|Any CPU
		{1B4F1087-E99E-4CE3-82F9-CFE299DCB2B1}.Release|Any CPU.ActiveCfg = Release|Any CPU
		{1B4F1087-E99E-4CE3-82F9-CFE299DCB2B1}.Release|Any CPU.Build.0 = Release|Any CPU
	EndGlobalSection
	GlobalSection(SolutionProperties) = preSolution
		HideSolutionNode = FALSE
	EndGlobalSection
	GlobalSection(ExtensibilityGlobals) = postSolution
		SolutionGuid = {7E465061-0B75-42B8-AA3E-5E81FE6538C4}
	EndGlobalSection
EndGlobal
